// !$*UTF8*$!
{
	archiveVersion = 1;
	classes = {
	};
	objectVersion = 46;
	objects = {

/* Begin PBXBuildFile section */
		2F37FE51CD6A8C8A39157506 /* Pods_RR18_BlueToothProj.framework in Frameworks */ = {isa = PBXBuildFile; fileRef = E158C39C6F3BAF6A8B0E6A2F /* Pods_RR18_BlueToothProj.framework */; };
		BA207FCC21E005F900272ECC /* NetworkRequestManager.swift in Sources */ = {isa = PBXBuildFile; fileRef = BA207FCB21E005F900272ECC /* NetworkRequestManager.swift */; };
		BA2608FE21A074FD00963D23 /* DataManager.swift in Sources */ = {isa = PBXBuildFile; fileRef = BA2608FD21A074FD00963D23 /* DataManager.swift */; };
		BAAA380B2169586D00E2CC95 /* AppDelegate.swift in Sources */ = {isa = PBXBuildFile; fileRef = BAAA380A2169586D00E2CC95 /* AppDelegate.swift */; };
		BAAA380D2169586D00E2CC95 /* ViewController.swift in Sources */ = {isa = PBXBuildFile; fileRef = BAAA380C2169586D00E2CC95 /* ViewController.swift */; };
		BAAA38102169586D00E2CC95 /* Main.storyboard in Resources */ = {isa = PBXBuildFile; fileRef = BAAA380E2169586D00E2CC95 /* Main.storyboard */; };
		BAAA38122169586D00E2CC95 /* Assets.xcassets in Resources */ = {isa = PBXBuildFile; fileRef = BAAA38112169586D00E2CC95 /* Assets.xcassets */; };
		BAAA38152169586D00E2CC95 /* LaunchScreen.storyboard in Resources */ = {isa = PBXBuildFile; fileRef = BAAA38132169586D00E2CC95 /* LaunchScreen.storyboard */; };
		BAAA381F2169645C00E2CC95 /* RRBluetoothManager.swift in Sources */ = {isa = PBXBuildFile; fileRef = BAAA381E2169645C00E2CC95 /* RRBluetoothManager.swift */; };
/* End PBXBuildFile section */

/* Begin PBXFileReference section */
		243C13C5DC9DF4A73CC4FB9A /* Pods-RR18_BlueToothProj.debug.xcconfig */ = {isa = PBXFileReference; includeInIndex = 1; lastKnownFileType = text.xcconfig; name = "Pods-RR18_BlueToothProj.debug.xcconfig"; path = "Pods/Target Support Files/Pods-RR18_BlueToothProj/Pods-RR18_BlueToothProj.debug.xcconfig"; sourceTree = "<group>"; };
		BA207FCB21E005F900272ECC /* NetworkRequestManager.swift */ = {isa = PBXFileReference; lastKnownFileType = sourcecode.swift; path = NetworkRequestManager.swift; sourceTree = "<group>"; };
		BA2608FD21A074FD00963D23 /* DataManager.swift */ = {isa = PBXFileReference; lastKnownFileType = sourcecode.swift; path = DataManager.swift; sourceTree = "<group>"; };
		BAAA38072169586D00E2CC95 /* RR18_BlueToothProj.app */ = {isa = PBXFileReference; explicitFileType = wrapper.application; includeInIndex = 0; path = RR18_BlueToothProj.app; sourceTree = BUILT_PRODUCTS_DIR; };
		BAAA380A2169586D00E2CC95 /* AppDelegate.swift */ = {isa = PBXFileReference; lastKnownFileType = sourcecode.swift; path = AppDelegate.swift; sourceTree = "<group>"; };
		BAAA380C2169586D00E2CC95 /* ViewController.swift */ = {isa = PBXFileReference; lastKnownFileType = sourcecode.swift; path = ViewController.swift; sourceTree = "<group>"; };
		BAAA380F2169586D00E2CC95 /* Base */ = {isa = PBXFileReference; lastKnownFileType = file.storyboard; name = Base; path = Base.lproj/Main.storyboard; sourceTree = "<group>"; };
		BAAA38112169586D00E2CC95 /* Assets.xcassets */ = {isa = PBXFileReference; lastKnownFileType = folder.assetcatalog; path = Assets.xcassets; sourceTree = "<group>"; };
		BAAA38142169586D00E2CC95 /* Base */ = {isa = PBXFileReference; lastKnownFileType = file.storyboard; name = Base; path = Base.lproj/LaunchScreen.storyboard; sourceTree = "<group>"; };
		BAAA38162169586D00E2CC95 /* Info.plist */ = {isa = PBXFileReference; lastKnownFileType = text.plist.xml; path = Info.plist; sourceTree = "<group>"; };
		BAAA381E2169645C00E2CC95 /* RRBluetoothManager.swift */ = {isa = PBXFileReference; fileEncoding = 4; lastKnownFileType = sourcecode.swift; path = RRBluetoothManager.swift; sourceTree = "<group>"; };
		D2A4FAE92B9B2C75B071F35D /* Pods-RR18_BlueToothProj.release.xcconfig */ = {isa = PBXFileReference; includeInIndex = 1; lastKnownFileType = text.xcconfig; name = "Pods-RR18_BlueToothProj.release.xcconfig"; path = "Pods/Target Support Files/Pods-RR18_BlueToothProj/Pods-RR18_BlueToothProj.release.xcconfig"; sourceTree = "<group>"; };
		E158C39C6F3BAF6A8B0E6A2F /* Pods_RR18_BlueToothProj.framework */ = {isa = PBXFileReference; explicitFileType = wrapper.framework; includeInIndex = 0; path = Pods_RR18_BlueToothProj.framework; sourceTree = BUILT_PRODUCTS_DIR; };
/* End PBXFileReference section */

/* Begin PBXFrameworksBuildPhase section */
		BAAA38042169586D00E2CC95 /* Frameworks */ = {
			isa = PBXFrameworksBuildPhase;
			buildActionMask = 2147483647;
			files = (
				2F37FE51CD6A8C8A39157506 /* Pods_RR18_BlueToothProj.framework in Frameworks */,
			);
			runOnlyForDeploymentPostprocessing = 0;
		};
/* End PBXFrameworksBuildPhase section */

/* Begin PBXGroup section */
		1B66D61ED49B00E38A340262 /* Pods */ = {
			isa = PBXGroup;
			children = (
				243C13C5DC9DF4A73CC4FB9A /* Pods-RR18_BlueToothProj.debug.xcconfig */,
				D2A4FAE92B9B2C75B071F35D /* Pods-RR18_BlueToothProj.release.xcconfig */,
			);
			name = Pods;
			sourceTree = "<group>";
		};
		264A459A684C5FDF8725B33E /* Frameworks */ = {
			isa = PBXGroup;
			children = (
				E158C39C6F3BAF6A8B0E6A2F /* Pods_RR18_BlueToothProj.framework */,
			);
			name = Frameworks;
			sourceTree = "<group>";
		};
		BAAA37FE2169586D00E2CC95 = {
			isa = PBXGroup;
			children = (
				BAAA38092169586D00E2CC95 /* RR18_BlueToothProj */,
				BAAA38082169586D00E2CC95 /* Products */,
				1B66D61ED49B00E38A340262 /* Pods */,
				264A459A684C5FDF8725B33E /* Frameworks */,
			);
			sourceTree = "<group>";
		};
		BAAA38082169586D00E2CC95 /* Products */ = {
			isa = PBXGroup;
			children = (
				BAAA38072169586D00E2CC95 /* RR18_BlueToothProj.app */,
			);
			name = Products;
			sourceTree = "<group>";
		};
		BAAA38092169586D00E2CC95 /* RR18_BlueToothProj */ = {
			isa = PBXGroup;
			children = (
				BAAA380A2169586D00E2CC95 /* AppDelegate.swift */,
				BAAA380C2169586D00E2CC95 /* ViewController.swift */,
				BAAA38202169646D00E2CC95 /* Managers */,
				BAAA380E2169586D00E2CC95 /* Main.storyboard */,
				BAAA38112169586D00E2CC95 /* Assets.xcassets */,
				BAAA38132169586D00E2CC95 /* LaunchScreen.storyboard */,
				BAAA38162169586D00E2CC95 /* Info.plist */,
			);
			path = RR18_BlueToothProj;
			sourceTree = "<group>";
		};
		BAAA38202169646D00E2CC95 /* Managers */ = {
			isa = PBXGroup;
			children = (
				BA207FCB21E005F900272ECC /* NetworkRequestManager.swift */,
				BAAA381E2169645C00E2CC95 /* RRBluetoothManager.swift */,
				BA2608FD21A074FD00963D23 /* DataManager.swift */,
			);
			name = Managers;
			sourceTree = "<group>";
		};
/* End PBXGroup section */

/* Begin PBXNativeTarget section */
		BAAA38062169586D00E2CC95 /* RR18_BlueToothProj */ = {
			isa = PBXNativeTarget;
			buildConfigurationList = BAAA38192169586D00E2CC95 /* Build configuration list for PBXNativeTarget "RR18_BlueToothProj" */;
			buildPhases = (
				EB4E6B8C994598047CBFA416 /* [CP] Check Pods Manifest.lock */,
				BAAA38032169586D00E2CC95 /* Sources */,
				BAAA38042169586D00E2CC95 /* Frameworks */,
				BAAA38052169586D00E2CC95 /* Resources */,
				27E8D3A04D525DCF76B7FBBC /* [CP] Embed Pods Frameworks */,
			);
			buildRules = (
			);
			dependencies = (
			);
			name = RR18_BlueToothProj;
			productName = RR18_BlueToothProj;
			productReference = BAAA38072169586D00E2CC95 /* RR18_BlueToothProj.app */;
			productType = "com.apple.product-type.application";
		};
/* End PBXNativeTarget section */

/* Begin PBXProject section */
		BAAA37FF2169586D00E2CC95 /* Project object */ = {
			isa = PBXProject;
			attributes = {
				LastSwiftUpdateCheck = 0830;
				LastUpgradeCheck = 0830;
				ORGANIZATIONNAME = "Yeo Hwee Lin";
				TargetAttributes = {
					BAAA38062169586D00E2CC95 = {
						CreatedOnToolsVersion = 8.3.3;
						DevelopmentTeam = Q8VHLMFG35;
						ProvisioningStyle = Automatic;
					};
				};
			};
			buildConfigurationList = BAAA38022169586D00E2CC95 /* Build configuration list for PBXProject "RR18_BlueToothProj" */;
			compatibilityVersion = "Xcode 3.2";
			developmentRegion = English;
			hasScannedForEncodings = 0;
			knownRegions = (
				en,
				Base,
			);
			mainGroup = BAAA37FE2169586D00E2CC95;
			productRefGroup = BAAA38082169586D00E2CC95 /* Products */;
			projectDirPath = "";
			projectRoot = "";
			targets = (
				BAAA38062169586D00E2CC95 /* RR18_BlueToothProj */,
			);
		};
/* End PBXProject section */

/* Begin PBXResourcesBuildPhase section */
		BAAA38052169586D00E2CC95 /* Resources */ = {
			isa = PBXResourcesBuildPhase;
			buildActionMask = 2147483647;
			files = (
				BAAA38152169586D00E2CC95 /* LaunchScreen.storyboard in Resources */,
				BAAA38122169586D00E2CC95 /* Assets.xcassets in Resources */,
				BAAA38102169586D00E2CC95 /* Main.storyboard in Resources */,
			);
			runOnlyForDeploymentPostprocessing = 0;
		};
/* End PBXResourcesBuildPhase section */

/* Begin PBXShellScriptBuildPhase section */
		27E8D3A04D525DCF76B7FBBC /* [CP] Embed Pods Frameworks */ = {
			isa = PBXShellScriptBuildPhase;
			buildActionMask = 2147483647;
			files = (
			);
			inputFileListPaths = (
			);
			inputPaths = (
				"${SRCROOT}/Pods/Target Support Files/Pods-RR18_BlueToothProj/Pods-RR18_BlueToothProj-frameworks.sh",
				"${BUILT_PRODUCTS_DIR}/Alamofire/Alamofire.framework",
				"${BUILT_PRODUCTS_DIR}/SCLAlertView/SCLAlertView.framework",
			);
			name = "[CP] Embed Pods Frameworks";
			outputFileListPaths = (
			);
			outputPaths = (
				"${TARGET_BUILD_DIR}/${FRAMEWORKS_FOLDER_PATH}/Alamofire.framework",
				"${TARGET_BUILD_DIR}/${FRAMEWORKS_FOLDER_PATH}/SCLAlertView.framework",
			);
			runOnlyForDeploymentPostprocessing = 0;
			shellPath = /bin/sh;
			shellScript = "\"${SRCROOT}/Pods/Target Support Files/Pods-RR18_BlueToothProj/Pods-RR18_BlueToothProj-frameworks.sh\"\n";
			showEnvVarsInLog = 0;
		};
		EB4E6B8C994598047CBFA416 /* [CP] Check Pods Manifest.lock */ = {
			isa = PBXShellScriptBuildPhase;
			buildActionMask = 2147483647;
			files = (
			);
			inputFileListPaths = (
			);
			inputPaths = (
				"${PODS_PODFILE_DIR_PATH}/Podfile.lock",
				"${PODS_ROOT}/Manifest.lock",
			);
			name = "[CP] Check Pods Manifest.lock";
			outputFileListPaths = (
			);
			outputPaths = (
				"$(DERIVED_FILE_DIR)/Pods-RR18_BlueToothProj-checkManifestLockResult.txt",
			);
			runOnlyForDeploymentPostprocessing = 0;
			shellPath = /bin/sh;
			shellScript = "diff \"${PODS_PODFILE_DIR_PATH}/Podfile.lock\" \"${PODS_ROOT}/Manifest.lock\" > /dev/null\nif [ $? != 0 ] ; then\n    # print error to STDERR\n    echo \"error: The sandbox is not in sync with the Podfile.lock. Run 'pod install' or update your CocoaPods installation.\" >&2\n    exit 1\nfi\n# This output is used by Xcode 'outputs' to avoid re-running this script phase.\necho \"SUCCESS\" > \"${SCRIPT_OUTPUT_FILE_0}\"\n";
			showEnvVarsInLog = 0;
		};
/* End PBXShellScriptBuildPhase section */

/* Begin PBXSourcesBuildPhase section */
		BAAA38032169586D00E2CC95 /* Sources */ = {
			isa = PBXSourcesBuildPhase;
			buildActionMask = 2147483647;
			files = (
				BAAA380D2169586D00E2CC95 /* ViewController.swift in Sources */,
				BA207FCC21E005F900272ECC /* NetworkRequestManager.swift in Sources */,
				BA2608FE21A074FD00963D23 /* DataManager.swift in Sources */,
				BAAA380B2169586D00E2CC95 /* AppDelegate.swift in Sources */,
				BAAA381F2169645C00E2CC95 /* RRBluetoothManager.swift in Sources */,
			);
			runOnlyForDeploymentPostprocessing = 0;
		};
/* End PBXSourcesBuildPhase section */

/* Begin PBXVariantGroup section */
		BAAA380E2169586D00E2CC95 /* Main.storyboard */ = {
			isa = PBXVariantGroup;
			children = (
				BAAA380F2169586D00E2CC95 /* Base */,
			);
			name = Main.storyboard;
			sourceTree = "<group>";
		};
		BAAA38132169586D00E2CC95 /* LaunchScreen.storyboard */ = {
			isa = PBXVariantGroup;
			children = (
				BAAA38142169586D00E2CC95 /* Base */,
			);
			name = LaunchScreen.storyboard;
			sourceTree = "<group>";
		};
/* End PBXVariantGroup section */

/* Begin XCBuildConfiguration section */
		BAAA38172169586D00E2CC95 /* Debug */ = {
			isa = XCBuildConfiguration;
			buildSettings = {
				ALWAYS_SEARCH_USER_PATHS = NO;
				CLANG_ANALYZER_NONNULL = YES;
				CLANG_ANALYZER_NUMBER_OBJECT_CONVERSION = YES_AGGRESSIVE;
				CLANG_CXX_LANGUAGE_STANDARD = "gnu++0x";
				CLANG_CXX_LIBRARY = "libc++";
				CLANG_ENABLE_MODULES = YES;
				CLANG_ENABLE_OBJC_ARC = YES;
				CLANG_WARN_BOOL_CONVERSION = YES;
				CLANG_WARN_CONSTANT_CONVERSION = YES;
				CLANG_WARN_DIRECT_OBJC_ISA_USAGE = YES_ERROR;
				CLANG_WARN_DOCUMENTATION_COMMENTS = YES;
				CLANG_WARN_EMPTY_BODY = YES;
				CLANG_WARN_ENUM_CONVERSION = YES;
				CLANG_WARN_INFINITE_RECURSION = YES;
				CLANG_WARN_INT_CONVERSION = YES;
				CLANG_WARN_OBJC_ROOT_CLASS = YES_ERROR;
				CLANG_WARN_SUSPICIOUS_MOVE = YES;
				CLANG_WARN_UNREACHABLE_CODE = YES;
				CLANG_WARN__DUPLICATE_METHOD_MATCH = YES;
				"CODE_SIGN_IDENTITY[sdk=iphoneos*]" = "iPhone Developer";
				COPY_PHASE_STRIP = NO;
				DEBUG_INFORMATION_FORMAT = dwarf;
				ENABLE_STRICT_OBJC_MSGSEND = YES;
				ENABLE_TESTABILITY = YES;
				GCC_C_LANGUAGE_STANDARD = gnu99;
				GCC_DYNAMIC_NO_PIC = NO;
				GCC_NO_COMMON_BLOCKS = YES;
				GCC_OPTIMIZATION_LEVEL = 0;
				GCC_PREPROCESSOR_DEFINITIONS = (
					"DEBUG=1",
					"$(inherited)",
				);
				GCC_WARN_64_TO_32_BIT_CONVERSION = YES;
				GCC_WARN_ABOUT_RETURN_TYPE = YES_ERROR;
				GCC_WARN_UNDECLARED_SELECTOR = YES;
				GCC_WARN_UNINITIALIZED_AUTOS = YES_AGGRESSIVE;
				GCC_WARN_UNUSED_FUNCTION = YES;
				GCC_WARN_UNUSED_VARIABLE = YES;
				IPHONEOS_DEPLOYMENT_TARGET = 10.3;
				MTL_ENABLE_DEBUG_INFO = YES;
				ONLY_ACTIVE_ARCH = YES;
				SDKROOT = iphoneos;
				SWIFT_ACTIVE_COMPILATION_CONDITIONS = DEBUG;
				SWIFT_OPTIMIZATION_LEVEL = "-Onone";
				TARGETED_DEVICE_FAMILY = "1,2";
			};
			name = Debug;
		};
		BAAA38182169586D00E2CC95 /* Release */ = {
			isa = XCBuildConfiguration;
			buildSettings = {
				ALWAYS_SEARCH_USER_PATHS = NO;
				CLANG_ANALYZER_NONNULL = YES;
				CLANG_ANALYZER_NUMBER_OBJECT_CONVERSION = YES_AGGRESSIVE;
				CLANG_CXX_LANGUAGE_STANDARD = "gnu++0x";
				CLANG_CXX_LIBRARY = "libc++";
				CLANG_ENABLE_MODULES = YES;
				CLANG_ENABLE_OBJC_ARC = YES;
				CLANG_WARN_BOOL_CONVERSION = YES;
				CLANG_WARN_CONSTANT_CONVERSION = YES;
				CLANG_WARN_DIRECT_OBJC_ISA_USAGE = YES_ERROR;
				CLANG_WARN_DOCUMENTATION_COMMENTS = YES;
				CLANG_WARN_EMPTY_BODY = YES;
				CLANG_WARN_ENUM_CONVERSION = YES;
				CLANG_WARN_INFINITE_RECURSION = YES;
				CLANG_WARN_INT_CONVERSION = YES;
				CLANG_WARN_OBJC_ROOT_CLASS = YES_ERROR;
				CLANG_WARN_SUSPICIOUS_MOVE = YES;
				CLANG_WARN_UNREACHABLE_CODE = YES;
				CLANG_WARN__DUPLICATE_METHOD_MATCH = YES;
				"CODE_SIGN_IDENTITY[sdk=iphoneos*]" = "iPhone Developer";
				COPY_PHASE_STRIP = NO;
				DEBUG_INFORMATION_FORMAT = "dwarf-with-dsym";
				ENABLE_NS_ASSERTIONS = NO;
				ENABLE_STRICT_OBJC_MSGSEND = YES;
				GCC_C_LANGUAGE_STANDARD = gnu99;
				GCC_NO_COMMON_BLOCKS = YES;
				GCC_WARN_64_TO_32_BIT_CONVERSION = YES;
				GCC_WARN_ABOUT_RETURN_TYPE = YES_ERROR;
				GCC_WARN_UNDECLARED_SELECTOR = YES;
				GCC_WARN_UNINITIALIZED_AUTOS = YES_AGGRESSIVE;
				GCC_WARN_UNUSED_FUNCTION = YES;
				GCC_WARN_UNUSED_VARIABLE = YES;
				IPHONEOS_DEPLOYMENT_TARGET = 10.3;
				MTL_ENABLE_DEBUG_INFO = NO;
				SDKROOT = iphoneos;
				SWIFT_OPTIMIZATION_LEVEL = "-Owholemodule";
				TARGETED_DEVICE_FAMILY = "1,2";
				VALIDATE_PRODUCT = YES;
			};
			name = Release;
		};
		BAAA381A2169586D00E2CC95 /* Debug */ = {
			isa = XCBuildConfiguration;
			baseConfigurationReference = 243C13C5DC9DF4A73CC4FB9A /* Pods-RR18_BlueToothProj.debug.xcconfig */;
			buildSettings = {
				ASSETCATALOG_COMPILER_APPICON_NAME = AppIcon;
				DEVELOPMENT_TEAM = Q8VHLMFG35;
				INFOPLIST_FILE = RR18_BlueToothProj/Info.plist;
				LD_RUNPATH_SEARCH_PATHS = "$(inherited) @executable_path/Frameworks";
				PRODUCT_BUNDLE_IDENTIFIER = "hweelin-yeo.RR18-BlueToothProj";
				PRODUCT_NAME = "$(TARGET_NAME)";
				SWIFT_VERSION = 3.0;
			};
			name = Debug;
		};
		BAAA381B2169586D00E2CC95 /* Release */ = {
			isa = XCBuildConfiguration;
			baseConfigurationReference = D2A4FAE92B9B2C75B071F35D /* Pods-RR18_BlueToothProj.release.xcconfig */;
			buildSettings = {
				ASSETCATALOG_COMPILER_APPICON_NAME = AppIcon;
				DEVELOPMENT_TEAM = Q8VHLMFG35;
				INFOPLIST_FILE = RR18_BlueToothProj/Info.plist;
				LD_RUNPATH_SEARCH_PATHS = "$(inherited) @executable_path/Frameworks";
				PRODUCT_BUNDLE_IDENTIFIER = "hweelin-yeo.RR18-BlueToothProj";
				PRODUCT_NAME = "$(TARGET_NAME)";
				SWIFT_VERSION = 3.0;
			};
			name = Release;
		};
/* End XCBuildConfiguration section */

/* Begin XCConfigurationList section */
		BAAA38022169586D00E2CC95 /* Build configuration list for PBXProject "RR18_BlueToothProj" */ = {
			isa = XCConfigurationList;
			buildConfigurations = (
				BAAA38172169586D00E2CC95 /* Debug */,
				BAAA38182169586D00E2CC95 /* Release */,
			);
			defaultConfigurationIsVisible = 0;
			defaultConfigurationName = Release;
		};
		BAAA38192169586D00E2CC95 /* Build configuration list for PBXNativeTarget "RR18_BlueToothProj" */ = {
			isa = XCConfigurationList;
			buildConfigurations = (
				BAAA381A2169586D00E2CC95 /* Debug */,
				BAAA381B2169586D00E2CC95 /* Release */,
			);
			defaultConfigurationIsVisible = 0;
			defaultConfigurationName = Release;
		};
/* End XCConfigurationList section */
	};
	rootObject = BAAA37FF2169586D00E2CC95 /* Project object */;
}
